// !$*UTF8*$!
{
	archiveVersion = 1;
	classes = {
	};
	objectVersion = 51;
	objects = {

/* Begin PBXBuildFile section */
		7BB0FCDD8BE5021AF69CFAA5 /* Pods_ParseChat.framework in Frameworks */ = {isa = PBXBuildFile; fileRef = 0CAF9836F8934A65CE53DB3F /* Pods_ParseChat.framework */; };
		B895359C2377AFC3001BC585 /* AppDelegate.swift in Sources */ = {isa = PBXBuildFile; fileRef = B895359B2377AFC3001BC585 /* AppDelegate.swift */; };
		B895359E2377AFC3001BC585 /* SceneDelegate.swift in Sources */ = {isa = PBXBuildFile; fileRef = B895359D2377AFC3001BC585 /* SceneDelegate.swift */; };
		B89535A02377AFC3001BC585 /* ViewController.swift in Sources */ = {isa = PBXBuildFile; fileRef = B895359F2377AFC3001BC585 /* ViewController.swift */; };
		B89535A32377AFC3001BC585 /* Main.storyboard in Resources */ = {isa = PBXBuildFile; fileRef = B89535A12377AFC3001BC585 /* Main.storyboard */; };
		B89535A52377AFC4001BC585 /* Assets.xcassets in Resources */ = {isa = PBXBuildFile; fileRef = B89535A42377AFC4001BC585 /* Assets.xcassets */; };
		B89535A82377AFC4001BC585 /* LaunchScreen.storyboard in Resources */ = {isa = PBXBuildFile; fileRef = B89535A62377AFC4001BC585 /* LaunchScreen.storyboard */; };
		B89535B32377AFC4001BC585 /* ParseChatTests.swift in Sources */ = {isa = PBXBuildFile; fileRef = B89535B22377AFC4001BC585 /* ParseChatTests.swift */; };
		B89535BE2377AFC4001BC585 /* ParseChatUITests.swift in Sources */ = {isa = PBXBuildFile; fileRef = B89535BD2377AFC4001BC585 /* ParseChatUITests.swift */; };
		B89535CC2377B4DF001BC585 /* README.md in Resources */ = {isa = PBXBuildFile; fileRef = B89535CB2377B4DF001BC585 /* README.md */; };
/* End PBXBuildFile section */

/* Begin PBXContainerItemProxy section */
		B89535AF2377AFC4001BC585 /* PBXContainerItemProxy */ = {
			isa = PBXContainerItemProxy;
			containerPortal = B89535902377AFC3001BC585 /* Project object */;
			proxyType = 1;
			remoteGlobalIDString = B89535972377AFC3001BC585;
			remoteInfo = ParseChat;
		};
		B89535BA2377AFC4001BC585 /* PBXContainerItemProxy */ = {
			isa = PBXContainerItemProxy;
			containerPortal = B89535902377AFC3001BC585 /* Project object */;
			proxyType = 1;
			remoteGlobalIDString = B89535972377AFC3001BC585;
			remoteInfo = ParseChat;
		};
/* End PBXContainerItemProxy section */

/* Begin PBXFileReference section */
		0CAF9836F8934A65CE53DB3F /* Pods_ParseChat.framework */ = {isa = PBXFileReference; explicitFileType = wrapper.framework; includeInIndex = 0; path = Pods_ParseChat.framework; sourceTree = BUILT_PRODUCTS_DIR; };
		1F158397026EF2F67DC65700 /* Pods-ParseChat.debug.xcconfig */ = {isa = PBXFileReference; includeInIndex = 1; lastKnownFileType = text.xcconfig; name = "Pods-ParseChat.debug.xcconfig"; path = "Target Support Files/Pods-ParseChat/Pods-ParseChat.debug.xcconfig"; sourceTree = "<group>"; };
		B89535982377AFC3001BC585 /* ParseChat.app */ = {isa = PBXFileReference; explicitFileType = wrapper.application; includeInIndex = 0; path = ParseChat.app; sourceTree = BUILT_PRODUCTS_DIR; };
		B895359B2377AFC3001BC585 /* AppDelegate.swift */ = {isa = PBXFileReference; lastKnownFileType = sourcecode.swift; path = AppDelegate.swift; sourceTree = "<group>"; };
		B895359D2377AFC3001BC585 /* SceneDelegate.swift */ = {isa = PBXFileReference; lastKnownFileType = sourcecode.swift; path = SceneDelegate.swift; sourceTree = "<group>"; };
		B895359F2377AFC3001BC585 /* ViewController.swift */ = {isa = PBXFileReference; lastKnownFileType = sourcecode.swift; path = ViewController.swift; sourceTree = "<group>"; };
		B89535A22377AFC3001BC585 /* Base */ = {isa = PBXFileReference; lastKnownFileType = file.storyboard; name = Base; path = Base.lproj/Main.storyboard; sourceTree = "<group>"; };
		B89535A42377AFC4001BC585 /* Assets.xcassets */ = {isa = PBXFileReference; lastKnownFileType = folder.assetcatalog; path = Assets.xcassets; sourceTree = "<group>"; };
		B89535A72377AFC4001BC585 /* Base */ = {isa = PBXFileReference; lastKnownFileType = file.storyboard; name = Base; path = Base.lproj/LaunchScreen.storyboard; sourceTree = "<group>"; };
		B89535A92377AFC4001BC585 /* Info.plist */ = {isa = PBXFileReference; lastKnownFileType = text.plist.xml; path = Info.plist; sourceTree = "<group>"; };
		B89535AE2377AFC4001BC585 /* ParseChatTests.xctest */ = {isa = PBXFileReference; explicitFileType = wrapper.cfbundle; includeInIndex = 0; path = ParseChatTests.xctest; sourceTree = BUILT_PRODUCTS_DIR; };
		B89535B22377AFC4001BC585 /* ParseChatTests.swift */ = {isa = PBXFileReference; lastKnownFileType = sourcecode.swift; path = ParseChatTests.swift; sourceTree = "<group>"; };
		B89535B42377AFC4001BC585 /* Info.plist */ = {isa = PBXFileReference; lastKnownFileType = text.plist.xml; path = Info.plist; sourceTree = "<group>"; };
		B89535B92377AFC4001BC585 /* ParseChatUITests.xctest */ = {isa = PBXFileReference; explicitFileType = wrapper.cfbundle; includeInIndex = 0; path = ParseChatUITests.xctest; sourceTree = BUILT_PRODUCTS_DIR; };
		B89535BD2377AFC4001BC585 /* ParseChatUITests.swift */ = {isa = PBXFileReference; lastKnownFileType = sourcecode.swift; path = ParseChatUITests.swift; sourceTree = "<group>"; };
		B89535BF2377AFC4001BC585 /* Info.plist */ = {isa = PBXFileReference; lastKnownFileType = text.plist.xml; path = Info.plist; sourceTree = "<group>"; };
		B89535CB2377B4DF001BC585 /* README.md */ = {isa = PBXFileReference; fileEncoding = 4; lastKnownFileType = net.daringfireball.markdown; path = README.md; sourceTree = "<group>"; };
		EA830C53CB0D3EFA33F72DC1 /* Pods-ParseChat.release.xcconfig */ = {isa = PBXFileReference; includeInIndex = 1; lastKnownFileType = text.xcconfig; name = "Pods-ParseChat.release.xcconfig"; path = "Target Support Files/Pods-ParseChat/Pods-ParseChat.release.xcconfig"; sourceTree = "<group>"; };
/* End PBXFileReference section */

/* Begin PBXFrameworksBuildPhase section */
		B89535952377AFC3001BC585 /* Frameworks */ = {
			isa = PBXFrameworksBuildPhase;
			buildActionMask = 2147483647;
			files = (
				7BB0FCDD8BE5021AF69CFAA5 /* Pods_ParseChat.framework in Frameworks */,
			);
			runOnlyForDeploymentPostprocessing = 0;
		};
		B89535AB2377AFC4001BC585 /* Frameworks */ = {
			isa = PBXFrameworksBuildPhase;
			buildActionMask = 2147483647;
			files = (
			);
			runOnlyForDeploymentPostprocessing = 0;
		};
		B89535B62377AFC4001BC585 /* Frameworks */ = {
			isa = PBXFrameworksBuildPhase;
			buildActionMask = 2147483647;
			files = (
			);
			runOnlyForDeploymentPostprocessing = 0;
		};
/* End PBXFrameworksBuildPhase section */

/* Begin PBXGroup section */
		2DDCC068294505A5B107A1D6 /* Pods */ = {
			isa = PBXGroup;
			children = (
				1F158397026EF2F67DC65700 /* Pods-ParseChat.debug.xcconfig */,
				EA830C53CB0D3EFA33F72DC1 /* Pods-ParseChat.release.xcconfig */,
			);
			path = Pods;
			sourceTree = "<group>";
		};
		A17D1F690237D25A62FCB1C0 /* Frameworks */ = {
			isa = PBXGroup;
			children = (
				0CAF9836F8934A65CE53DB3F /* Pods_ParseChat.framework */,
			);
			name = Frameworks;
			sourceTree = "<group>";
		};
		B895358F2377AFC3001BC585 = {
			isa = PBXGroup;
			children = (
				B89535CB2377B4DF001BC585 /* README.md */,
				B895359A2377AFC3001BC585 /* ParseChat */,
				B89535B12377AFC4001BC585 /* ParseChatTests */,
				B89535BC2377AFC4001BC585 /* ParseChatUITests */,
				B89535992377AFC3001BC585 /* Products */,
				2DDCC068294505A5B107A1D6 /* Pods */,
				A17D1F690237D25A62FCB1C0 /* Frameworks */,
			);
			sourceTree = "<group>";
		};
		B89535992377AFC3001BC585 /* Products */ = {
			isa = PBXGroup;
			children = (
				B89535982377AFC3001BC585 /* ParseChat.app */,
				B89535AE2377AFC4001BC585 /* ParseChatTests.xctest */,
				B89535B92377AFC4001BC585 /* ParseChatUITests.xctest */,
			);
			name = Products;
			sourceTree = "<group>";
		};
		B895359A2377AFC3001BC585 /* ParseChat */ = {
			isa = PBXGroup;
			children = (
				B895359B2377AFC3001BC585 /* AppDelegate.swift */,
				B895359D2377AFC3001BC585 /* SceneDelegate.swift */,
				B895359F2377AFC3001BC585 /* ViewController.swift */,
				B89535A12377AFC3001BC585 /* Main.storyboard */,
				B89535A42377AFC4001BC585 /* Assets.xcassets */,
				B89535A62377AFC4001BC585 /* LaunchScreen.storyboard */,
				B89535A92377AFC4001BC585 /* Info.plist */,
			);
			path = ParseChat;
			sourceTree = "<group>";
		};
		B89535B12377AFC4001BC585 /* ParseChatTests */ = {
			isa = PBXGroup;
			children = (
				B89535B22377AFC4001BC585 /* ParseChatTests.swift */,
				B89535B42377AFC4001BC585 /* Info.plist */,
			);
			path = ParseChatTests;
			sourceTree = "<group>";
		};
		B89535BC2377AFC4001BC585 /* ParseChatUITests */ = {
			isa = PBXGroup;
			children = (
				B89535BD2377AFC4001BC585 /* ParseChatUITests.swift */,
				B89535BF2377AFC4001BC585 /* Info.plist */,
			);
			path = ParseChatUITests;
			sourceTree = "<group>";
		};
/* End PBXGroup section */

/* Begin PBXNativeTarget section */
		B89535972377AFC3001BC585 /* ParseChat */ = {
			isa = PBXNativeTarget;
			buildConfigurationList = B89535C22377AFC4001BC585 /* Build configuration list for PBXNativeTarget "ParseChat" */;
			buildPhases = (
				E350E6710EF0845F09D8A3BC /* [CP] Check Pods Manifest.lock */,
				B89535942377AFC3001BC585 /* Sources */,
				B89535952377AFC3001BC585 /* Frameworks */,
				B89535962377AFC3001BC585 /* Resources */,
				1592330E50D6D1C4E0CC9B0C /* [CP] Embed Pods Frameworks */,
			);
			buildRules = (
			);
			dependencies = (
			);
			name = ParseChat;
			productName = ParseChat;
			productReference = B89535982377AFC3001BC585 /* ParseChat.app */;
			productType = "com.apple.product-type.application";
		};
		B89535AD2377AFC4001BC585 /* ParseChatTests */ = {
			isa = PBXNativeTarget;
			buildConfigurationList = B89535C52377AFC4001BC585 /* Build configuration list for PBXNativeTarget "ParseChatTests" */;
			buildPhases = (
				B89535AA2377AFC4001BC585 /* Sources */,
				B89535AB2377AFC4001BC585 /* Frameworks */,
				B89535AC2377AFC4001BC585 /* Resources */,
			);
			buildRules = (
			);
			dependencies = (
				B89535B02377AFC4001BC585 /* PBXTargetDependency */,
			);
			name = ParseChatTests;
			productName = ParseChatTests;
			productReference = B89535AE2377AFC4001BC585 /* ParseChatTests.xctest */;
			productType = "com.apple.product-type.bundle.unit-test";
		};
		B89535B82377AFC4001BC585 /* ParseChatUITests */ = {
			isa = PBXNativeTarget;
			buildConfigurationList = B89535C82377AFC4001BC585 /* Build configuration list for PBXNativeTarget "ParseChatUITests" */;
			buildPhases = (
				B89535B52377AFC4001BC585 /* Sources */,
				B89535B62377AFC4001BC585 /* Frameworks */,
				B89535B72377AFC4001BC585 /* Resources */,
			);
			buildRules = (
			);
			dependencies = (
				B89535BB2377AFC4001BC585 /* PBXTargetDependency */,
			);
			name = ParseChatUITests;
			productName = ParseChatUITests;
			productReference = B89535B92377AFC4001BC585 /* ParseChatUITests.xctest */;
			productType = "com.apple.product-type.bundle.ui-testing";
		};
/* End PBXNativeTarget section */

/* Begin PBXProject section */
		B89535902377AFC3001BC585 /* Project object */ = {
			isa = PBXProject;
			attributes = {
				LastSwiftUpdateCheck = 1120;
				LastUpgradeCheck = 1120;
				ORGANIZATIONNAME = "Leonard Box";
				TargetAttributes = {
					B89535972377AFC3001BC585 = {
						CreatedOnToolsVersion = 11.2;
					};
					B89535AD2377AFC4001BC585 = {
						CreatedOnToolsVersion = 11.2;
						TestTargetID = B89535972377AFC3001BC585;
					};
					B89535B82377AFC4001BC585 = {
						CreatedOnToolsVersion = 11.2;
						TestTargetID = B89535972377AFC3001BC585;
					};
				};
			};
			buildConfigurationList = B89535932377AFC3001BC585 /* Build configuration list for PBXProject "ParseChat" */;
			compatibilityVersion = "Xcode 9.3";
			developmentRegion = en;
			hasScannedForEncodings = 0;
			knownRegions = (
				en,
				Base,
			);
			mainGroup = B895358F2377AFC3001BC585;
			productRefGroup = B89535992377AFC3001BC585 /* Products */;
			projectDirPath = "";
			projectRoot = "";
			targets = (
				B89535972377AFC3001BC585 /* ParseChat */,
				B89535AD2377AFC4001BC585 /* ParseChatTests */,
				B89535B82377AFC4001BC585 /* ParseChatUITests */,
			);
		};
/* End PBXProject section */

/* Begin PBXResourcesBuildPhase section */
		B89535962377AFC3001BC585 /* Resources */ = {
			isa = PBXResourcesBuildPhase;
			buildActionMask = 2147483647;
			files = (
				B89535A82377AFC4001BC585 /* LaunchScreen.storyboard in Resources */,
				B89535A52377AFC4001BC585 /* Assets.xcassets in Resources */,
				B89535CC2377B4DF001BC585 /* README.md in Resources */,
				B89535A32377AFC3001BC585 /* Main.storyboard in Resources */,
			);
			runOnlyForDeploymentPostprocessing = 0;
		};
		B89535AC2377AFC4001BC585 /* Resources */ = {
			isa = PBXResourcesBuildPhase;
			buildActionMask = 2147483647;
			files = (
			);
			runOnlyForDeploymentPostprocessing = 0;
		};
		B89535B72377AFC4001BC585 /* Resources */ = {
			isa = PBXResourcesBuildPhase;
			buildActionMask = 2147483647;
			files = (
			);
			runOnlyForDeploymentPostprocessing = 0;
		};
/* End PBXResourcesBuildPhase section */

/* Begin PBXShellScriptBuildPhase section */
		1592330E50D6D1C4E0CC9B0C /* [CP] Embed Pods Frameworks */ = {
			isa = PBXShellScriptBuildPhase;
			buildActionMask = 2147483647;
			files = (
			);
			inputFileListPaths = (
				"${PODS_ROOT}/Target Support Files/Pods-ParseChat/Pods-ParseChat-frameworks-${CONFIGURATION}-input-files.xcfilelist",
			);
			name = "[CP] Embed Pods Frameworks";
			outputFileListPaths = (
				"${PODS_ROOT}/Target Support Files/Pods-ParseChat/Pods-ParseChat-frameworks-${CONFIGURATION}-output-files.xcfilelist",
			);
			runOnlyForDeploymentPostprocessing = 0;
			shellPath = /bin/sh;
			shellScript = "\"${PODS_ROOT}/Target Support Files/Pods-ParseChat/Pods-ParseChat-frameworks.sh\"\n";
			showEnvVarsInLog = 0;
		};
		E350E6710EF0845F09D8A3BC /* [CP] Check Pods Manifest.lock */ = {
			isa = PBXShellScriptBuildPhase;
			buildActionMask = 2147483647;
			files = (
			);
			inputFileListPaths = (
			);
			inputPaths = (
				"${PODS_PODFILE_DIR_PATH}/Podfile.lock",
				"${PODS_ROOT}/Manifest.lock",
			);
			name = "[CP] Check Pods Manifest.lock";
			outputFileListPaths = (
			);
			outputPaths = (
				"$(DERIVED_FILE_DIR)/Pods-ParseChat-checkManifestLockResult.txt",
			);
			runOnlyForDeploymentPostprocessing = 0;
			shellPath = /bin/sh;
			shellScript = "diff \"${PODS_PODFILE_DIR_PATH}/Podfile.lock\" \"${PODS_ROOT}/Manifest.lock\" > /dev/null\nif [ $? != 0 ] ; then\n    # print error to STDERR\n    echo \"error: The sandbox is not in sync with the Podfile.lock. Run 'pod install' or update your CocoaPods installation.\" >&2\n    exit 1\nfi\n# This output is used by Xcode 'outputs' to avoid re-running this script phase.\necho \"SUCCESS\" > \"${SCRIPT_OUTPUT_FILE_0}\"\n";
			showEnvVarsInLog = 0;
		};
/* End PBXShellScriptBuildPhase section */

/* Begin PBXSourcesBuildPhase section */
		B89535942377AFC3001BC585 /* Sources */ = {
			isa = PBXSourcesBuildPhase;
			buildActionMask = 2147483647;
			files = (
				B89535A02377AFC3001BC585 /* ViewController.swift in Sources */,
				B895359C2377AFC3001BC585 /* AppDelegate.swift in Sources */,
				B895359E2377AFC3001BC585 /* SceneDelegate.swift in Sources */,
			);
			runOnlyForDeploymentPostprocessing = 0;
		};
		B89535AA2377AFC4001BC585 /* Sources */ = {
			isa = PBXSourcesBuildPhase;
			buildActionMask = 2147483647;
			files = (
				B89535B32377AFC4001BC585 /* ParseChatTests.swift in Sources */,
			);
			runOnlyForDeploymentPostprocessing = 0;
		};
		B89535B52377AFC4001BC585 /* Sources */ = {
			isa = PBXSourcesBuildPhase;
			buildActionMask = 2147483647;
			files = (
				B89535BE2377AFC4001BC585 /* ParseChatUITests.swift in Sources */,
			);
			runOnlyForDeploymentPostprocessing = 0;
		};
/* End PBXSourcesBuildPhase section */

/* Begin PBXTargetDependency section */
		B89535B02377AFC4001BC585 /* PBXTargetDependency */ = {
			isa = PBXTargetDependency;
			target = B89535972377AFC3001BC585 /* ParseChat */;
			targetProxy = B89535AF2377AFC4001BC585 /* PBXContainerItemProxy */;
		};
		B89535BB2377AFC4001BC585 /* PBXTargetDependency */ = {
			isa = PBXTargetDependency;
			target = B89535972377AFC3001BC585 /* ParseChat */;
			targetProxy = B89535BA2377AFC4001BC585 /* PBXContainerItemProxy */;
		};
/* End PBXTargetDependency section */

/* Begin PBXVariantGroup section */
		B89535A12377AFC3001BC585 /* Main.storyboard */ = {
			isa = PBXVariantGroup;
			children = (
				B89535A22377AFC3001BC585 /* Base */,
			);
			name = Main.storyboard;
			sourceTree = "<group>";
		};
		B89535A62377AFC4001BC585 /* LaunchScreen.storyboard */ = {
			isa = PBXVariantGroup;
			children = (
				B89535A72377AFC4001BC585 /* Base */,
			);
			name = LaunchScreen.storyboard;
			sourceTree = "<group>";
		};
/* End PBXVariantGroup section */

/* Begin XCBuildConfiguration section */
		B89535C02377AFC4001BC585 /* Debug */ = {
			isa = XCBuildConfiguration;
			buildSettings = {
				ALWAYS_SEARCH_USER_PATHS = NO;
				CLANG_ANALYZER_NONNULL = YES;
				CLANG_ANALYZER_NUMBER_OBJECT_CONVERSION = YES_AGGRESSIVE;
				CLANG_CXX_LANGUAGE_STANDARD = "gnu++14";
				CLANG_CXX_LIBRARY = "libc++";
				CLANG_ENABLE_MODULES = YES;
				CLANG_ENABLE_OBJC_ARC = YES;
				CLANG_ENABLE_OBJC_WEAK = YES;
				CLANG_WARN_BLOCK_CAPTURE_AUTORELEASING = YES;
				CLANG_WARN_BOOL_CONVERSION = YES;
				CLANG_WARN_COMMA = YES;
				CLANG_WARN_CONSTANT_CONVERSION = YES;
				CLANG_WARN_DEPRECATED_OBJC_IMPLEMENTATIONS = YES;
				CLANG_WARN_DIRECT_OBJC_ISA_USAGE = YES_ERROR;
				CLANG_WARN_DOCUMENTATION_COMMENTS = YES;
				CLANG_WARN_EMPTY_BODY = YES;
				CLANG_WARN_ENUM_CONVERSION = YES;
				CLANG_WARN_INFINITE_RECURSION = YES;
				CLANG_WARN_INT_CONVERSION = YES;
				CLANG_WARN_NON_LITERAL_NULL_CONVERSION = YES;
				CLANG_WARN_OBJC_IMPLICIT_RETAIN_SELF = YES;
				CLANG_WARN_OBJC_LITERAL_CONVERSION = YES;
				CLANG_WARN_OBJC_ROOT_CLASS = YES_ERROR;
				CLANG_WARN_RANGE_LOOP_ANALYSIS = YES;
				CLANG_WARN_STRICT_PROTOTYPES = YES;
				CLANG_WARN_SUSPICIOUS_MOVE = YES;
				CLANG_WARN_UNGUARDED_AVAILABILITY = YES_AGGRESSIVE;
				CLANG_WARN_UNREACHABLE_CODE = YES;
				CLANG_WARN__DUPLICATE_METHOD_MATCH = YES;
				COPY_PHASE_STRIP = NO;
				DEBUG_INFORMATION_FORMAT = dwarf;
				ENABLE_STRICT_OBJC_MSGSEND = YES;
				ENABLE_TESTABILITY = YES;
				GCC_C_LANGUAGE_STANDARD = gnu11;
				GCC_DYNAMIC_NO_PIC = NO;
				GCC_NO_COMMON_BLOCKS = YES;
				GCC_OPTIMIZATION_LEVEL = 0;
				GCC_PREPROCESSOR_DEFINITIONS = (
					"DEBUG=1",
					"$(inherited)",
				);
				GCC_WARN_64_TO_32_BIT_CONVERSION = YES;
				GCC_WARN_ABOUT_RETURN_TYPE = YES_ERROR;
				GCC_WARN_UNDECLARED_SELECTOR = YES;
				GCC_WARN_UNINITIALIZED_AUTOS = YES_AGGRESSIVE;
				GCC_WARN_UNUSED_FUNCTION = YES;
				GCC_WARN_UNUSED_VARIABLE = YES;
				IPHONEOS_DEPLOYMENT_TARGET = 13.2;
				MTL_ENABLE_DEBUG_INFO = INCLUDE_SOURCE;
				MTL_FAST_MATH = YES;
				ONLY_ACTIVE_ARCH = YES;
				SDKROOT = iphoneos;
				SWIFT_ACTIVE_COMPILATION_CONDITIONS = DEBUG;
				SWIFT_OPTIMIZATION_LEVEL = "-Onone";
			};
			name = Debug;
		};
		B89535C12377AFC4001BC585 /* Release */ = {
			isa = XCBuildConfiguration;
			buildSettings = {
				ALWAYS_SEARCH_USER_PATHS = NO;
				CLANG_ANALYZER_NONNULL = YES;
				CLANG_ANALYZER_NUMBER_OBJECT_CONVERSION = YES_AGGRESSIVE;
				CLANG_CXX_LANGUAGE_STANDARD = "gnu++14";
				CLANG_CXX_LIBRARY = "libc++";
				CLANG_ENABLE_MODULES = YES;
				CLANG_ENABLE_OBJC_ARC = YES;
				CLANG_ENABLE_OBJC_WEAK = YES;
				CLANG_WARN_BLOCK_CAPTURE_AUTORELEASING = YES;
				CLANG_WARN_BOOL_CONVERSION = YES;
				CLANG_WARN_COMMA = YES;
				CLANG_WARN_CONSTANT_CONVERSION = YES;
				CLANG_WARN_DEPRECATED_OBJC_IMPLEMENTATIONS = YES;
				CLANG_WARN_DIRECT_OBJC_ISA_USAGE = YES_ERROR;
				CLANG_WARN_DOCUMENTATION_COMMENTS = YES;
				CLANG_WARN_EMPTY_BODY = YES;
				CLANG_WARN_ENUM_CONVERSION = YES;
				CLANG_WARN_INFINITE_RECURSION = YES;
				CLANG_WARN_INT_CONVERSION = YES;
				CLANG_WARN_NON_LITERAL_NULL_CONVERSION = YES;
				CLANG_WARN_OBJC_IMPLICIT_RETAIN_SELF = YES;
				CLANG_WARN_OBJC_LITERAL_CONVERSION = YES;
				CLANG_WARN_OBJC_ROOT_CLASS = YES_ERROR;
				CLANG_WARN_RANGE_LOOP_ANALYSIS = YES;
				CLANG_WARN_STRICT_PROTOTYPES = YES;
				CLANG_WARN_SUSPICIOUS_MOVE = YES;
				CLANG_WARN_UNGUARDED_AVAILABILITY = YES_AGGRESSIVE;
				CLANG_WARN_UNREACHABLE_CODE = YES;
				CLANG_WARN__DUPLICATE_METHOD_MATCH = YES;
				COPY_PHASE_STRIP = NO;
				DEBUG_INFORMATION_FORMAT = "dwarf-with-dsym";
				ENABLE_NS_ASSERTIONS = NO;
				ENABLE_STRICT_OBJC_MSGSEND = YES;
				GCC_C_LANGUAGE_STANDARD = gnu11;
				GCC_NO_COMMON_BLOCKS = YES;
				GCC_WARN_64_TO_32_BIT_CONVERSION = YES;
				GCC_WARN_ABOUT_RETURN_TYPE = YES_ERROR;
				GCC_WARN_UNDECLARED_SELECTOR = YES;
				GCC_WARN_UNINITIALIZED_AUTOS = YES_AGGRESSIVE;
				GCC_WARN_UNUSED_FUNCTION = YES;
				GCC_WARN_UNUSED_VARIABLE = YES;
				IPHONEOS_DEPLOYMENT_TARGET = 13.2;
				MTL_ENABLE_DEBUG_INFO = NO;
				MTL_FAST_MATH = YES;
				SDKROOT = iphoneos;
				SWIFT_COMPILATION_MODE = wholemodule;
				SWIFT_OPTIMIZATION_LEVEL = "-O";
				VALIDATE_PRODUCT = YES;
			};
			name = Release;
		};
		B89535C32377AFC4001BC585 /* Debug */ = {
			isa = XCBuildConfiguration;
			baseConfigurationReference = 1F158397026EF2F67DC65700 /* Pods-ParseChat.debug.xcconfig */;
			buildSettings = {
				ASSETCATALOG_COMPILER_APPICON_NAME = AppIcon;
				CODE_SIGN_STYLE = Automatic;
				DEVELOPMENT_TEAM = LG3N8TKY59;
				INFOPLIST_FILE = ParseChat/Info.plist;
				LD_RUNPATH_SEARCH_PATHS = (
					"$(inherited)",
					"@executable_path/Frameworks",
				);
				PRODUCT_BUNDLE_IDENTIFIER = com.leonardbox.ParseChat;
				PRODUCT_NAME = "$(TARGET_NAME)";
				SWIFT_VERSION = 5.0;
				TARGETED_DEVICE_FAMILY = "1,2";
			};
			name = Debug;
		};
		B89535C42377AFC4001BC585 /* Release */ = {
			isa = XCBuildConfiguration;
			baseConfigurationReference = EA830C53CB0D3EFA33F72DC1 /* Pods-ParseChat.release.xcconfig */;
			buildSettings = {
				ASSETCATALOG_COMPILER_APPICON_NAME = AppIcon;
				CODE_SIGN_STYLE = Automatic;
				DEVELOPMENT_TEAM = LG3N8TKY59;
				INFOPLIST_FILE = ParseChat/Info.plist;
				LD_RUNPATH_SEARCH_PATHS = (
					"$(inherited)",
					"@executable_path/Frameworks",
				);
				PRODUCT_BUNDLE_IDENTIFIER = com.leonardbox.ParseChat;
				PRODUCT_NAME = "$(TARGET_NAME)";
				SWIFT_VERSION = 5.0;
				TARGETED_DEVICE_FAMILY = "1,2";
			};
			name = Release;
		};
		B89535C62377AFC4001BC585 /* Debug */ = {
			isa = XCBuildConfiguration;
			buildSettings = {
				ALWAYS_EMBED_SWIFT_STANDARD_LIBRARIES = YES;
				BUNDLE_LOADER = "$(TEST_HOST)";
				CODE_SIGN_STYLE = Automatic;
				DEVELOPMENT_TEAM = LG3N8TKY59;
				INFOPLIST_FILE = ParseChatTests/Info.plist;
				IPHONEOS_DEPLOYMENT_TARGET = 13.2;
				LD_RUNPATH_SEARCH_PATHS = (
					"$(inherited)",
					"@executable_path/Frameworks",
					"@loader_path/Frameworks",
				);
				PRODUCT_BUNDLE_IDENTIFIER = com.leonardbox.ParseChatTests;
				PRODUCT_NAME = "$(TARGET_NAME)";
				SWIFT_VERSION = 5.0;
				TARGETED_DEVICE_FAMILY = "1,2";
				TEST_HOST = "$(BUILT_PRODUCTS_DIR)/ParseChat.app/ParseChat";
			};
			name = Debug;
		};
		B89535C72377AFC4001BC585 /* Release */ = {
			isa = XCBuildConfiguration;
			buildSettings = {
				ALWAYS_EMBED_SWIFT_STANDARD_LIBRARIES = YES;
				BUNDLE_LOADER = "$(TEST_HOST)";
				CODE_SIGN_STYLE = Automatic;
				DEVELOPMENT_TEAM = LG3N8TKY59;
				INFOPLIST_FILE = ParseChatTests/Info.plist;
				IPHONEOS_DEPLOYMENT_TARGET = 13.2;
				LD_RUNPATH_SEARCH_PATHS = (
					"$(inherited)",
					"@executable_path/Frameworks",
					"@loader_path/Frameworks",
				);
				PRODUCT_BUNDLE_IDENTIFIER = com.leonardbox.ParseChatTests;
				PRODUCT_NAME = "$(TARGET_NAME)";
				SWIFT_VERSION = 5.0;
				TARGETED_DEVICE_FAMILY = "1,2";
				TEST_HOST = "$(BUILT_PRODUCTS_DIR)/ParseChat.app/ParseChat";
			};
			name = Release;
		};
		B89535C92377AFC4001BC585 /* Debug */ = {
			isa = XCBuildConfiguration;
			buildSettings = {
				ALWAYS_EMBED_SWIFT_STANDARD_LIBRARIES = YES;
				CODE_SIGN_STYLE = Automatic;
				DEVELOPMENT_TEAM = LG3N8TKY59;
				INFOPLIST_FILE = ParseChatUITests/Info.plist;
				LD_RUNPATH_SEARCH_PATHS = (
					"$(inherited)",
					"@executable_path/Frameworks",
					"@loader_path/Frameworks",
				);
				PRODUCT_BUNDLE_IDENTIFIER = com.leonardbox.ParseChatUITests;
				PRODUCT_NAME = "$(TARGET_NAME)";
				SWIFT_VERSION = 5.0;
				TARGETED_DEVICE_FAMILY = "1,2";
				TEST_TARGET_NAME = ParseChat;
			};
			name = Debug;
		};
		B89535CA2377AFC4001BC585 /* Release */ = {
			isa = XCBuildConfiguration;
			buildSettings = {
				ALWAYS_EMBED_SWIFT_STANDARD_LIBRARIES = YES;
				CODE_SIGN_STYLE = Automatic;
				DEVELOPMENT_TEAM = LG3N8TKY59;
				INFOPLIST_FILE = ParseChatUITests/Info.plist;
				LD_RUNPATH_SEARCH_PATHS = (
					"$(inherited)",
					"@executable_path/Frameworks",
					"@loader_path/Frameworks",
				);
				PRODUCT_BUNDLE_IDENTIFIER = com.leonardbox.ParseChatUITests;
				PRODUCT_NAME = "$(TARGET_NAME)";
				SWIFT_VERSION = 5.0;
				TARGETED_DEVICE_FAMILY = "1,2";
				TEST_TARGET_NAME = ParseChat;
			};
			name = Release;
		};
/* End XCBuildConfiguration section */

/* Begin XCConfigurationList section */
		B89535932377AFC3001BC585 /* Build configuration list for PBXProject "ParseChat" */ = {
			isa = XCConfigurationList;
			buildConfigurations = (
				B89535C02377AFC4001BC585 /* Debug */,
				B89535C12377AFC4001BC585 /* Release */,
			);
			defaultConfigurationIsVisible = 0;
			defaultConfigurationName = Release;
		};
		B89535C22377AFC4001BC585 /* Build configuration list for PBXNativeTarget "ParseChat" */ = {
			isa = XCConfigurationList;
			buildConfigurations = (
				B89535C32377AFC4001BC585 /* Debug */,
				B89535C42377AFC4001BC585 /* Release */,
			);
			defaultConfigurationIsVisible = 0;
			defaultConfigurationName = Release;
		};
		B89535C52377AFC4001BC585 /* Build configuration list for PBXNativeTarget "ParseChatTests" */ = {
			isa = XCConfigurationList;
			buildConfigurations = (
				B89535C62377AFC4001BC585 /* Debug */,
				B89535C72377AFC4001BC585 /* Release */,
			);
			defaultConfigurationIsVisible = 0;
			defaultConfigurationName = Release;
		};
		B89535C82377AFC4001BC585 /* Build configuration list for PBXNativeTarget "ParseChatUITests" */ = {
			isa = XCConfigurationList;
			buildConfigurations = (
				B89535C92377AFC4001BC585 /* Debug */,
				B89535CA2377AFC4001BC585 /* Release */,
			);
			defaultConfigurationIsVisible = 0;
			defaultConfigurationName = Release;
		};
/* End XCConfigurationList section */
	};
	rootObject = B89535902377AFC3001BC585 /* Project object */;
}
